// !$*UTF8*$!
{
	archiveVersion = 1;
	classes = {
	};
	objectVersion = 46;
	objects = {

/* Begin PBXBuildFile section */
		62A1447F1ECF338600B8D79D /* AppDelegate.swift in Sources */ = {isa = PBXBuildFile; fileRef = 62A1447E1ECF338600B8D79D /* AppDelegate.swift */; };
		62A144811ECF338600B8D79D /* ViewController.swift in Sources */ = {isa = PBXBuildFile; fileRef = 62A144801ECF338600B8D79D /* ViewController.swift */; };
		62A144841ECF338600B8D79D /* Main.storyboard in Resources */ = {isa = PBXBuildFile; fileRef = 62A144821ECF338600B8D79D /* Main.storyboard */; };
		62A144861ECF338600B8D79D /* Assets.xcassets in Resources */ = {isa = PBXBuildFile; fileRef = 62A144851ECF338600B8D79D /* Assets.xcassets */; };
		62A144891ECF338600B8D79D /* LaunchScreen.storyboard in Resources */ = {isa = PBXBuildFile; fileRef = 62A144871ECF338600B8D79D /* LaunchScreen.storyboard */; };
		62A1449A1ECF426200B8D79D /* cloudy.jpg in Resources */ = {isa = PBXBuildFile; fileRef = 62A144951ECF426200B8D79D /* cloudy.jpg */; };
		62A1449B1ECF426200B8D79D /* rain.jpg in Resources */ = {isa = PBXBuildFile; fileRef = 62A144961ECF426200B8D79D /* rain.jpg */; };
		62A1449C1ECF426200B8D79D /* sunny.jpg in Resources */ = {isa = PBXBuildFile; fileRef = 62A144971ECF426200B8D79D /* sunny.jpg */; };
		62A1449D1ECF426200B8D79D /* thunderstorm.jpg in Resources */ = {isa = PBXBuildFile; fileRef = 62A144981ECF426200B8D79D /* thunderstorm.jpg */; };
		62A1449E1ECF426200B8D79D /* windy.jpg in Resources */ = {isa = PBXBuildFile; fileRef = 62A144991ECF426200B8D79D /* windy.jpg */; };
/* End PBXBuildFile section */

/* Begin PBXFileReference section */
		62A1447B1ECF338600B8D79D /* S4L69 Weather.app */ = {isa = PBXFileReference; explicitFileType = wrapper.application; includeInIndex = 0; path = "S4L69 Weather.app"; sourceTree = BUILT_PRODUCTS_DIR; };
		62A1447E1ECF338600B8D79D /* AppDelegate.swift */ = {isa = PBXFileReference; lastKnownFileType = sourcecode.swift; path = AppDelegate.swift; sourceTree = "<group>"; };
		62A144801ECF338600B8D79D /* ViewController.swift */ = {isa = PBXFileReference; lastKnownFileType = sourcecode.swift; path = ViewController.swift; sourceTree = "<group>"; };
		62A144831ECF338600B8D79D /* Base */ = {isa = PBXFileReference; lastKnownFileType = file.storyboard; name = Base; path = Base.lproj/Main.storyboard; sourceTree = "<group>"; };
		62A144851ECF338600B8D79D /* Assets.xcassets */ = {isa = PBXFileReference; lastKnownFileType = folder.assetcatalog; path = Assets.xcassets; sourceTree = "<group>"; };
		62A144881ECF338600B8D79D /* Base */ = {isa = PBXFileReference; lastKnownFileType = file.storyboard; name = Base; path = Base.lproj/LaunchScreen.storyboard; sourceTree = "<group>"; };
		62A1448A1ECF338600B8D79D /* Info.plist */ = {isa = PBXFileReference; lastKnownFileType = text.plist.xml; path = Info.plist; sourceTree = "<group>"; };
		62A144951ECF426200B8D79D /* cloudy.jpg */ = {isa = PBXFileReference; lastKnownFileType = image.jpeg; name = cloudy.jpg; path = "S4L69 Weather/images/cloudy.jpg"; sourceTree = "<group>"; };
		62A144961ECF426200B8D79D /* rain.jpg */ = {isa = PBXFileReference; lastKnownFileType = image.jpeg; name = rain.jpg; path = "S4L69 Weather/images/rain.jpg"; sourceTree = "<group>"; };
		62A144971ECF426200B8D79D /* sunny.jpg */ = {isa = PBXFileReference; lastKnownFileType = image.jpeg; name = sunny.jpg; path = "S4L69 Weather/images/sunny.jpg"; sourceTree = "<group>"; };
		62A144981ECF426200B8D79D /* thunderstorm.jpg */ = {isa = PBXFileReference; lastKnownFileType = image.jpeg; name = thunderstorm.jpg; path = "S4L69 Weather/images/thunderstorm.jpg"; sourceTree = "<group>"; };
		62A144991ECF426200B8D79D /* windy.jpg */ = {isa = PBXFileReference; lastKnownFileType = image.jpeg; name = windy.jpg; path = "S4L69 Weather/images/windy.jpg"; sourceTree = "<group>"; };
/* End PBXFileReference section */

/* Begin PBXFrameworksBuildPhase section */
		62A144781ECF338600B8D79D /* Frameworks */ = {
			isa = PBXFrameworksBuildPhase;
			buildActionMask = 2147483647;
			files = (
			);
			runOnlyForDeploymentPostprocessing = 0;
		};
/* End PBXFrameworksBuildPhase section */

/* Begin PBXGroup section */
		62A144721ECF338600B8D79D = {
			isa = PBXGroup;
			children = (
				62A1449F1ECF427100B8D79D /* images */,
				62A1447D1ECF338600B8D79D /* S4L69 Weather */,
				62A1447C1ECF338600B8D79D /* Products */,
			);
			sourceTree = "<group>";
		};
		62A1447C1ECF338600B8D79D /* Products */ = {
			isa = PBXGroup;
			children = (
				62A1447B1ECF338600B8D79D /* S4L69 Weather.app */,
			);
			name = Products;
			sourceTree = "<group>";
		};
		62A1447D1ECF338600B8D79D /* S4L69 Weather */ = {
			isa = PBXGroup;
			children = (
				62A144901ECF33C100B8D79D /* Support Files */,
				62A144801ECF338600B8D79D /* ViewController.swift */,
				62A144821ECF338600B8D79D /* Main.storyboard */,
				62A144851ECF338600B8D79D /* Assets.xcassets */,
			);
			path = "S4L69 Weather";
			sourceTree = "<group>";
		};
		62A144901ECF33C100B8D79D /* Support Files */ = {
			isa = PBXGroup;
			children = (
				62A1447E1ECF338600B8D79D /* AppDelegate.swift */,
				62A144871ECF338600B8D79D /* LaunchScreen.storyboard */,
				62A1448A1ECF338600B8D79D /* Info.plist */,
			);
			name = "Support Files";
			sourceTree = "<group>";
		};
		62A1449F1ECF427100B8D79D /* images */ = {
			isa = PBXGroup;
			children = (
				62A144951ECF426200B8D79D /* cloudy.jpg */,
				62A144961ECF426200B8D79D /* rain.jpg */,
				62A144971ECF426200B8D79D /* sunny.jpg */,
				62A144981ECF426200B8D79D /* thunderstorm.jpg */,
				62A144991ECF426200B8D79D /* windy.jpg */,
			);
			name = images;
			sourceTree = "<group>";
		};
/* End PBXGroup section */

/* Begin PBXNativeTarget section */
		62A1447A1ECF338600B8D79D /* S4L69 Weather */ = {
			isa = PBXNativeTarget;
			buildConfigurationList = 62A1448D1ECF338600B8D79D /* Build configuration list for PBXNativeTarget "S4L69 Weather" */;
			buildPhases = (
				62A144771ECF338600B8D79D /* Sources */,
				62A144781ECF338600B8D79D /* Frameworks */,
				62A144791ECF338600B8D79D /* Resources */,
			);
			buildRules = (
			);
			dependencies = (
			);
			name = "S4L69 Weather";
			productName = "S4L69 Weather";
			productReference = 62A1447B1ECF338600B8D79D /* S4L69 Weather.app */;
			productType = "com.apple.product-type.application";
		};
/* End PBXNativeTarget section */

/* Begin PBXProject section */
		62A144731ECF338600B8D79D /* Project object */ = {
			isa = PBXProject;
			attributes = {
				LastSwiftUpdateCheck = 0830;
				LastUpgradeCheck = 0830;
				ORGANIZATIONNAME = "Mark Sherman";
				TargetAttributes = {
					62A1447A1ECF338600B8D79D = {
						CreatedOnToolsVersion = 8.3.1;
						DevelopmentTeam = 3SNV4LAG7R;
						ProvisioningStyle = Automatic;
					};
				};
			};
			buildConfigurationList = 62A144761ECF338600B8D79D /* Build configuration list for PBXProject "S4L69 Weather" */;
			compatibilityVersion = "Xcode 3.2";
			developmentRegion = English;
			hasScannedForEncodings = 0;
			knownRegions = (
				en,
				Base,
			);
			mainGroup = 62A144721ECF338600B8D79D;
			productRefGroup = 62A1447C1ECF338600B8D79D /* Products */;
			projectDirPath = "";
			projectRoot = "";
			targets = (
				62A1447A1ECF338600B8D79D /* S4L69 Weather */,
			);
		};
/* End PBXProject section */

/* Begin PBXResourcesBuildPhase section */
		62A144791ECF338600B8D79D /* Resources */ = {
			isa = PBXResourcesBuildPhase;
			buildActionMask = 2147483647;
			files = (
				62A1449D1ECF426200B8D79D /* thunderstorm.jpg in Resources */,
				62A144891ECF338600B8D79D /* LaunchScreen.storyboard in Resources */,
				62A1449C1ECF426200B8D79D /* sunny.jpg in Resources */,
				62A1449E1ECF426200B8D79D /* windy.jpg in Resources */,
				62A1449B1ECF426200B8D79D /* rain.jpg in Resources */,
				62A1449A1ECF426200B8D79D /* cloudy.jpg in Resources */,
				62A144861ECF338600B8D79D /* Assets.xcassets in Resources */,
				62A144841ECF338600B8D79D /* Main.storyboard in Resources */,
			);
			runOnlyForDeploymentPostprocessing = 0;
		};
/* End PBXResourcesBuildPhase section */

/* Begin PBXSourcesBuildPhase section */
		62A144771ECF338600B8D79D /* Sources */ = {
			isa = PBXSourcesBuildPhase;
			buildActionMask = 2147483647;
			files = (
				62A144811ECF338600B8D79D /* ViewController.swift in Sources */,
				62A1447F1ECF338600B8D79D /* AppDelegate.swift in Sources */,
			);
			runOnlyForDeploymentPostprocessing = 0;
		};
/* End PBXSourcesBuildPhase section */

/* Begin PBXVariantGroup section */
		62A144821ECF338600B8D79D /* Main.storyboard */ = {
			isa = PBXVariantGroup;
			children = (
				62A144831ECF338600B8D79D /* Base */,
			);
			name = Main.storyboard;
			sourceTree = "<group>";
		};
		62A144871ECF338600B8D79D /* LaunchScreen.storyboard */ = {
			isa = PBXVariantGroup;
			children = (
				62A144881ECF338600B8D79D /* Base */,
			);
			name = LaunchScreen.storyboard;
			sourceTree = "<group>";
		};
/* End PBXVariantGroup section */

/* Begin XCBuildConfiguration section */
		62A1448B1ECF338600B8D79D /* Debug */ = {
			isa = XCBuildConfiguration;
			buildSettings = {
				ALWAYS_SEARCH_USER_PATHS = NO;
				CLANG_ANALYZER_NONNULL = YES;
				CLANG_ANALYZER_NUMBER_OBJECT_CONVERSION = YES_AGGRESSIVE;
				CLANG_CXX_LANGUAGE_STANDARD = "gnu++0x";
				CLANG_CXX_LIBRARY = "libc++";
				CLANG_ENABLE_MODULES = YES;
				CLANG_ENABLE_OBJC_ARC = YES;
				CLANG_WARN_BOOL_CONVERSION = YES;
				CLANG_WARN_CONSTANT_CONVERSION = YES;
				CLANG_WARN_DIRECT_OBJC_ISA_USAGE = YES_ERROR;
				CLANG_WARN_DOCUMENTATION_COMMENTS = YES;
				CLANG_WARN_EMPTY_BODY = YES;
				CLANG_WARN_ENUM_CONVERSION = YES;
				CLANG_WARN_INFINITE_RECURSION = YES;
				CLANG_WARN_INT_CONVERSION = YES;
				CLANG_WARN_OBJC_ROOT_CLASS = YES_ERROR;
				CLANG_WARN_SUSPICIOUS_MOVE = YES;
				CLANG_WARN_UNREACHABLE_CODE = YES;
				CLANG_WARN__DUPLICATE_METHOD_MATCH = YES;
				"CODE_SIGN_IDENTITY[sdk=iphoneos*]" = "iPhone Developer";
				COPY_PHASE_STRIP = NO;
				DEBUG_INFORMATION_FORMAT = dwarf;
				ENABLE_STRICT_OBJC_MSGSEND = YES;
				ENABLE_TESTABILITY = YES;
				GCC_C_LANGUAGE_STANDARD = gnu99;
				GCC_DYNAMIC_NO_PIC = NO;
				GCC_NO_COMMON_BLOCKS = YES;
				GCC_OPTIMIZATION_LEVEL = 0;
				GCC_PREPROCESSOR_DEFINITIONS = (
					"DEBUG=1",
					"$(inherited)",
				);
				GCC_WARN_64_TO_32_BIT_CONVERSION = YES;
				GCC_WARN_ABOUT_RETURN_TYPE = YES_ERROR;
				GCC_WARN_UNDECLARED_SELECTOR = YES;
				GCC_WARN_UNINITIALIZED_AUTOS = YES_AGGRESSIVE;
				GCC_WARN_UNUSED_FUNCTION = YES;
				GCC_WARN_UNUSED_VARIABLE = YES;
				IPHONEOS_DEPLOYMENT_TARGET = 10.3;
				MTL_ENABLE_DEBUG_INFO = YES;
				ONLY_ACTIVE_ARCH = YES;
				SDKROOT = iphoneos;
				SWIFT_ACTIVE_COMPILATION_CONDITIONS = DEBUG;
				SWIFT_OPTIMIZATION_LEVEL = "-Onone";
				TARGETED_DEVICE_FAMILY = "1,2";
			};
			name = Debug;
		};
		62A1448C1ECF338600B8D79D /* Release */ = {
			isa = XCBuildConfiguration;
			buildSettings = {
				ALWAYS_SEARCH_USER_PATHS = NO;
				CLANG_ANALYZER_NONNULL = YES;
				CLANG_ANALYZER_NUMBER_OBJECT_CONVERSION = YES_AGGRESSIVE;
				CLANG_CXX_LANGUAGE_STANDARD = "gnu++0x";
				CLANG_CXX_LIBRARY = "libc++";
				CLANG_ENABLE_MODULES = YES;
				CLANG_ENABLE_OBJC_ARC = YES;
				CLANG_WARN_BOOL_CONVERSION = YES;
				CLANG_WARN_CONSTANT_CONVERSION = YES;
				CLANG_WARN_DIRECT_OBJC_ISA_USAGE = YES_ERROR;
				CLANG_WARN_DOCUMENTATION_COMMENTS = YES;
				CLANG_WARN_EMPTY_BODY = YES;
				CLANG_WARN_ENUM_CONVERSION = YES;
				CLANG_WARN_INFINITE_RECURSION = YES;
				CLANG_WARN_INT_CONVERSION = YES;
				CLANG_WARN_OBJC_ROOT_CLASS = YES_ERROR;
				CLANG_WARN_SUSPICIOUS_MOVE = YES;
				CLANG_WARN_UNREACHABLE_CODE = YES;
				CLANG_WARN__DUPLICATE_METHOD_MATCH = YES;
				"CODE_SIGN_IDENTITY[sdk=iphoneos*]" = "iPhone Developer";
				COPY_PHASE_STRIP = NO;
				DEBUG_INFORMATION_FORMAT = "dwarf-with-dsym";
				ENABLE_NS_ASSERTIONS = NO;
				ENABLE_STRICT_OBJC_MSGSEND = YES;
				GCC_C_LANGUAGE_STANDARD = gnu99;
				GCC_NO_COMMON_BLOCKS = YES;
				GCC_WARN_64_TO_32_BIT_CONVERSION = YES;
				GCC_WARN_ABOUT_RETURN_TYPE = YES_ERROR;
				GCC_WARN_UNDECLARED_SELECTOR = YES;
				GCC_WARN_UNINITIALIZED_AUTOS = YES_AGGRESSIVE;
				GCC_WARN_UNUSED_FUNCTION = YES;
				GCC_WARN_UNUSED_VARIABLE = YES;
				IPHONEOS_DEPLOYMENT_TARGET = 10.3;
				MTL_ENABLE_DEBUG_INFO = NO;
				SDKROOT = iphoneos;
				SWIFT_OPTIMIZATION_LEVEL = "-Owholemodule";
				TARGETED_DEVICE_FAMILY = "1,2";
				VALIDATE_PRODUCT = YES;
			};
			name = Release;
		};
		62A1448E1ECF338600B8D79D /* Debug */ = {
			isa = XCBuildConfiguration;
			buildSettings = {
				ASSETCATALOG_COMPILER_APPICON_NAME = AppIcon;
				DEVELOPMENT_TEAM = 3SNV4LAG7R;
				INFOPLIST_FILE = "S4L69 Weather/Info.plist";
				LD_RUNPATH_SEARCH_PATHS = "$(inherited) @executable_path/Frameworks";
				PRODUCT_BUNDLE_IDENTIFIER = "us.islandlovers.mark.S4L69-Weather";
				PRODUCT_NAME = "$(TARGET_NAME)";
				SWIFT_VERSION = 3.0;
			};
			name = Debug;
		};
		62A1448F1ECF338600B8D79D /* Release */ = {
			isa = XCBuildConfiguration;
			buildSettings = {
				ASSETCATALOG_COMPILER_APPICON_NAME = AppIcon;
				DEVELOPMENT_TEAM = 3SNV4LAG7R;
				INFOPLIST_FILE = "S4L69 Weather/Info.plist";
				LD_RUNPATH_SEARCH_PATHS = "$(inherited) @executable_path/Frameworks";
				PRODUCT_BUNDLE_IDENTIFIER = "us.islandlovers.mark.S4L69-Weather";
				PRODUCT_NAME = "$(TARGET_NAME)";
				SWIFT_VERSION = 3.0;
			};
			name = Release;
		};
/* End XCBuildConfiguration section */

/* Begin XCConfigurationList section */
		62A144761ECF338600B8D79D /* Build configuration list for PBXProject "S4L69 Weather" */ = {
			isa = XCConfigurationList;
			buildConfigurations = (
				62A1448B1ECF338600B8D79D /* Debug */,
				62A1448C1ECF338600B8D79D /* Release */,
			);
			defaultConfigurationIsVisible = 0;
			defaultConfigurationName = Release;
		};
		62A1448D1ECF338600B8D79D /* Build configuration list for PBXNativeTarget "S4L69 Weather" */ = {
			isa = XCConfigurationList;
			buildConfigurations = (
				62A1448E1ECF338600B8D79D /* Debug */,
				62A1448F1ECF338600B8D79D /* Release */,
			);
			defaultConfigurationIsVisible = 0;
		};
/* End XCConfigurationList section */
	};
	rootObject = 62A144731ECF338600B8D79D /* Project object */;
}
